
Microsoft Visual Studio Solution File, Format Version 12.00
# Visual Studio Version 17
VisualStudioVersion = 17.6.33829.357
MinimumVisualStudioVersion = 10.0.40219.1
Project("{FAE04EC0-301F-11D3-BF4B-00C04F79EFBC}") = "raro-notifications", "raro-notifications.csproj", "{52D77261-BAAE-40CF-B06D-243D41BDEEAE}"
EndProject
Global
	GlobalSection(SolutionConfigurationPlatforms) = preSolution
		Debug|Any CPU = Debug|Any CPU
		Release|Any CPU = Release|Any CPU
	EndGlobalSection
	GlobalSection(ProjectConfigurationPlatforms) = postSolution
		{52D77261-BAAE-40CF-B06D-243D41BDEEAE}.Debug|Any CPU.ActiveCfg = Debug|Any CPU
		{52D77261-BAAE-40CF-B06D-243D41BDEEAE}.Debug|Any CPU.Build.0 = Debug|Any CPU
		{52D77261-BAAE-40CF-B06D-243D41BDEEAE}.Release|Any CPU.ActiveCfg = Release|Any CPU
		{52D77261-BAAE-40CF-B06D-243D41BDEEAE}.Release|Any CPU.Build.0 = Release|Any CPU
	EndGlobalSection
	GlobalSection(SolutionProperties) = preSolution
		HideSolutionNode = FALSE
	EndGlobalSection
	GlobalSection(ExtensibilityGlobals) = postSolution
		SolutionGuid = {A5FA34C9-9B37-40D9-8797-416949417B9B}
	EndGlobalSection
EndGlobal
